
Microsoft Visual Studio Solution File, Format Version 12.00
# Visual Studio Version 17
VisualStudioVersion = 17.0.32126.317
MinimumVisualStudioVersion = 10.0.40219.1
Project("{FAE04EC0-301F-11D3-BF4B-00C04F79EFBC}") = "WebApplicationmonolito", "WebApplicationmonolito\WebApplicationmonolito.csproj", "{7C112614-8893-42B9-8C36-C477E04892D9}"
EndProject
Global
	GlobalSection(SolutionConfigurationPlatforms) = preSolution
		Debug|Any CPU = Debug|Any CPU
		Release|Any CPU = Release|Any CPU
	EndGlobalSection
	GlobalSection(ProjectConfigurationPlatforms) = postSolution
		{7C112614-8893-42B9-8C36-C477E04892D9}.Debug|Any CPU.ActiveCfg = Debug|Any CPU
		{7C112614-8893-42B9-8C36-C477E04892D9}.Debug|Any CPU.Build.0 = Debug|Any CPU
		{7C112614-8893-42B9-8C36-C477E04892D9}.Release|Any CPU.ActiveCfg = Release|Any CPU
		{7C112614-8893-42B9-8C36-C477E04892D9}.Release|Any CPU.Build.0 = Release|Any CPU
	EndGlobalSection
	GlobalSection(SolutionProperties) = preSolution
		HideSolutionNode = FALSE
	EndGlobalSection
	GlobalSection(ExtensibilityGlobals) = postSolution
		SolutionGuid = {1D3DE7FF-01D2-40A4-870C-A8E1F37EED38}
	EndGlobalSection
EndGlobal
